// !$*UTF8*$!
{
	archiveVersion = 1;
	classes = {
	};
	objectVersion = 50;
	objects = {

/* Begin PBXBuildFile section */
		E2524ED725AF3114006EE73C /* AppDelegate.swift in Sources */ = {isa = PBXBuildFile; fileRef = E2524ED625AF3114006EE73C /* AppDelegate.swift */; };
		E2524ED925AF3114006EE73C /* GameScene.sks in Resources */ = {isa = PBXBuildFile; fileRef = E2524ED825AF3114006EE73C /* GameScene.sks */; };
		E2524EDB25AF3114006EE73C /* Actions.sks in Resources */ = {isa = PBXBuildFile; fileRef = E2524EDA25AF3114006EE73C /* Actions.sks */; };
		E2524EDD25AF3114006EE73C /* GameScene.swift in Sources */ = {isa = PBXBuildFile; fileRef = E2524EDC25AF3114006EE73C /* GameScene.swift */; };
		E2524EDF25AF3114006EE73C /* ViewController.swift in Sources */ = {isa = PBXBuildFile; fileRef = E2524EDE25AF3114006EE73C /* ViewController.swift */; };
		E2524EE125AF3116006EE73C /* Assets.xcassets in Resources */ = {isa = PBXBuildFile; fileRef = E2524EE025AF3116006EE73C /* Assets.xcassets */; };
		E2524EE425AF3117006EE73C /* Main.storyboard in Resources */ = {isa = PBXBuildFile; fileRef = E2524EE225AF3117006EE73C /* Main.storyboard */; };
		E2524EF025AF3117006EE73C /* SpaceShooterTests.swift in Sources */ = {isa = PBXBuildFile; fileRef = E2524EEF25AF3117006EE73C /* SpaceShooterTests.swift */; };
		E2524EFB25AF3117006EE73C /* SpaceShooterUITests.swift in Sources */ = {isa = PBXBuildFile; fileRef = E2524EFA25AF3117006EE73C /* SpaceShooterUITests.swift */; };
		E2524F1725AF31E1006EE73C /* EntityClass.swift in Sources */ = {isa = PBXBuildFile; fileRef = E2524F1625AF31E1006EE73C /* EntityClass.swift */; };
		E2524F1C25AF3226006EE73C /* LevelClass.swift in Sources */ = {isa = PBXBuildFile; fileRef = E2524F1B25AF3226006EE73C /* LevelClass.swift */; };
		E2524F2125AF325C006EE73C /* PlayerClass.swift in Sources */ = {isa = PBXBuildFile; fileRef = E2524F2025AF325C006EE73C /* PlayerClass.swift */; };
		E2524F2625AF3280006EE73C /* TalentClass.swift in Sources */ = {isa = PBXBuildFile; fileRef = E2524F2525AF3280006EE73C /* TalentClass.swift */; };
		E2524F2B25AF32AB006EE73C /* HUDClass.swift in Sources */ = {isa = PBXBuildFile; fileRef = E2524F2A25AF32AB006EE73C /* HUDClass.swift */; };
		E2524F3025AF32CD006EE73C /* PowerUpClass.swift in Sources */ = {isa = PBXBuildFile; fileRef = E2524F2F25AF32CD006EE73C /* PowerUpClass.swift */; };
		E2524F3525AF32E8006EE73C /* GameClass.swift in Sources */ = {isa = PBXBuildFile; fileRef = E2524F3425AF32E8006EE73C /* GameClass.swift */; };
/* End PBXBuildFile section */

/* Begin PBXContainerItemProxy section */
		E2524EEC25AF3117006EE73C /* PBXContainerItemProxy */ = {
			isa = PBXContainerItemProxy;
			containerPortal = E2524ECB25AF3114006EE73C /* Project object */;
			proxyType = 1;
			remoteGlobalIDString = E2524ED225AF3114006EE73C;
			remoteInfo = SpaceShooter;
		};
		E2524EF725AF3117006EE73C /* PBXContainerItemProxy */ = {
			isa = PBXContainerItemProxy;
			containerPortal = E2524ECB25AF3114006EE73C /* Project object */;
			proxyType = 1;
			remoteGlobalIDString = E2524ED225AF3114006EE73C;
			remoteInfo = SpaceShooter;
		};
/* End PBXContainerItemProxy section */

/* Begin PBXFileReference section */
		E2524ED325AF3114006EE73C /* SpaceShooter.app */ = {isa = PBXFileReference; explicitFileType = wrapper.application; includeInIndex = 0; path = SpaceShooter.app; sourceTree = BUILT_PRODUCTS_DIR; };
		E2524ED625AF3114006EE73C /* AppDelegate.swift */ = {isa = PBXFileReference; lastKnownFileType = sourcecode.swift; path = AppDelegate.swift; sourceTree = "<group>"; };
		E2524ED825AF3114006EE73C /* GameScene.sks */ = {isa = PBXFileReference; lastKnownFileType = file.sks; path = GameScene.sks; sourceTree = "<group>"; };
		E2524EDA25AF3114006EE73C /* Actions.sks */ = {isa = PBXFileReference; lastKnownFileType = file.sks; path = Actions.sks; sourceTree = "<group>"; };
		E2524EDC25AF3114006EE73C /* GameScene.swift */ = {isa = PBXFileReference; lastKnownFileType = sourcecode.swift; path = GameScene.swift; sourceTree = "<group>"; };
		E2524EDE25AF3114006EE73C /* ViewController.swift */ = {isa = PBXFileReference; lastKnownFileType = sourcecode.swift; path = ViewController.swift; sourceTree = "<group>"; };
		E2524EE025AF3116006EE73C /* Assets.xcassets */ = {isa = PBXFileReference; lastKnownFileType = folder.assetcatalog; path = Assets.xcassets; sourceTree = "<group>"; };
		E2524EE325AF3117006EE73C /* Base */ = {isa = PBXFileReference; lastKnownFileType = file.storyboard; name = Base; path = Base.lproj/Main.storyboard; sourceTree = "<group>"; };
		E2524EE525AF3117006EE73C /* Info.plist */ = {isa = PBXFileReference; lastKnownFileType = text.plist.xml; path = Info.plist; sourceTree = "<group>"; };
		E2524EE625AF3117006EE73C /* SpaceShooter.entitlements */ = {isa = PBXFileReference; lastKnownFileType = text.plist.entitlements; path = SpaceShooter.entitlements; sourceTree = "<group>"; };
		E2524EEB25AF3117006EE73C /* SpaceShooterTests.xctest */ = {isa = PBXFileReference; explicitFileType = wrapper.cfbundle; includeInIndex = 0; path = SpaceShooterTests.xctest; sourceTree = BUILT_PRODUCTS_DIR; };
		E2524EEF25AF3117006EE73C /* SpaceShooterTests.swift */ = {isa = PBXFileReference; lastKnownFileType = sourcecode.swift; path = SpaceShooterTests.swift; sourceTree = "<group>"; };
		E2524EF125AF3117006EE73C /* Info.plist */ = {isa = PBXFileReference; lastKnownFileType = text.plist.xml; path = Info.plist; sourceTree = "<group>"; };
		E2524EF625AF3117006EE73C /* SpaceShooterUITests.xctest */ = {isa = PBXFileReference; explicitFileType = wrapper.cfbundle; includeInIndex = 0; path = SpaceShooterUITests.xctest; sourceTree = BUILT_PRODUCTS_DIR; };
		E2524EFA25AF3117006EE73C /* SpaceShooterUITests.swift */ = {isa = PBXFileReference; lastKnownFileType = sourcecode.swift; path = SpaceShooterUITests.swift; sourceTree = "<group>"; };
		E2524EFC25AF3117006EE73C /* Info.plist */ = {isa = PBXFileReference; lastKnownFileType = text.plist.xml; path = Info.plist; sourceTree = "<group>"; };
		E2524F1625AF31E1006EE73C /* EntityClass.swift */ = {isa = PBXFileReference; lastKnownFileType = sourcecode.swift; path = EntityClass.swift; sourceTree = "<group>"; };
		E2524F1B25AF3226006EE73C /* LevelClass.swift */ = {isa = PBXFileReference; lastKnownFileType = sourcecode.swift; path = LevelClass.swift; sourceTree = "<group>"; };
		E2524F2025AF325C006EE73C /* PlayerClass.swift */ = {isa = PBXFileReference; lastKnownFileType = sourcecode.swift; path = PlayerClass.swift; sourceTree = "<group>"; };
		E2524F2525AF3280006EE73C /* TalentClass.swift */ = {isa = PBXFileReference; lastKnownFileType = sourcecode.swift; path = TalentClass.swift; sourceTree = "<group>"; };
		E2524F2A25AF32AB006EE73C /* HUDClass.swift */ = {isa = PBXFileReference; lastKnownFileType = sourcecode.swift; path = HUDClass.swift; sourceTree = "<group>"; };
		E2524F2F25AF32CD006EE73C /* PowerUpClass.swift */ = {isa = PBXFileReference; lastKnownFileType = sourcecode.swift; path = PowerUpClass.swift; sourceTree = "<group>"; };
		E2524F3425AF32E8006EE73C /* GameClass.swift */ = {isa = PBXFileReference; lastKnownFileType = sourcecode.swift; path = GameClass.swift; sourceTree = "<group>"; };
/* End PBXFileReference section */

/* Begin PBXFrameworksBuildPhase section */
		E2524ED025AF3114006EE73C /* Frameworks */ = {
			isa = PBXFrameworksBuildPhase;
			buildActionMask = 2147483647;
			files = (
			);
			runOnlyForDeploymentPostprocessing = 0;
		};
		E2524EE825AF3117006EE73C /* Frameworks */ = {
			isa = PBXFrameworksBuildPhase;
			buildActionMask = 2147483647;
			files = (
			);
			runOnlyForDeploymentPostprocessing = 0;
		};
		E2524EF325AF3117006EE73C /* Frameworks */ = {
			isa = PBXFrameworksBuildPhase;
			buildActionMask = 2147483647;
			files = (
			);
			runOnlyForDeploymentPostprocessing = 0;
		};
/* End PBXFrameworksBuildPhase section */

/* Begin PBXGroup section */
		E2524ECA25AF3114006EE73C = {
			isa = PBXGroup;
			children = (
				E2524ED525AF3114006EE73C /* SpaceShooter */,
				E2524EEE25AF3117006EE73C /* SpaceShooterTests */,
				E2524EF925AF3117006EE73C /* SpaceShooterUITests */,
				E2524ED425AF3114006EE73C /* Products */,
			);
			sourceTree = "<group>";
		};
		E2524ED425AF3114006EE73C /* Products */ = {
			isa = PBXGroup;
			children = (
				E2524ED325AF3114006EE73C /* SpaceShooter.app */,
				E2524EEB25AF3117006EE73C /* SpaceShooterTests.xctest */,
				E2524EF625AF3117006EE73C /* SpaceShooterUITests.xctest */,
			);
			name = Products;
			sourceTree = "<group>";
		};
		E2524ED525AF3114006EE73C /* SpaceShooter */ = {
			isa = PBXGroup;
			children = (
				E2524EDC25AF3114006EE73C /* GameScene.swift */,
				E2524F0B25AF311D006EE73C /* Misc Files */,
				E2524F1525AF31CB006EE73C /* Core Classes */,
				E2524EE025AF3116006EE73C /* Assets.xcassets */,
				E2524EE525AF3117006EE73C /* Info.plist */,
			);
			path = SpaceShooter;
			sourceTree = "<group>";
		};
		E2524EEE25AF3117006EE73C /* SpaceShooterTests */ = {
			isa = PBXGroup;
			children = (
				E2524EEF25AF3117006EE73C /* SpaceShooterTests.swift */,
				E2524EF125AF3117006EE73C /* Info.plist */,
			);
			path = SpaceShooterTests;
			sourceTree = "<group>";
		};
		E2524EF925AF3117006EE73C /* SpaceShooterUITests */ = {
			isa = PBXGroup;
			children = (
				E2524EFA25AF3117006EE73C /* SpaceShooterUITests.swift */,
				E2524EFC25AF3117006EE73C /* Info.plist */,
			);
			path = SpaceShooterUITests;
			sourceTree = "<group>";
		};
		E2524F0B25AF311D006EE73C /* Misc Files */ = {
			isa = PBXGroup;
			children = (
				E2524ED625AF3114006EE73C /* AppDelegate.swift */,
				E2524ED825AF3114006EE73C /* GameScene.sks */,
				E2524EDA25AF3114006EE73C /* Actions.sks */,
				E2524EDE25AF3114006EE73C /* ViewController.swift */,
				E2524EE225AF3117006EE73C /* Main.storyboard */,
				E2524EE625AF3117006EE73C /* SpaceShooter.entitlements */,
			);
			path = "Misc Files";
			sourceTree = "<group>";
		};
		E2524F1525AF31CB006EE73C /* Core Classes */ = {
			isa = PBXGroup;
			children = (
				E2524F1625AF31E1006EE73C /* EntityClass.swift */,
				E2524F1B25AF3226006EE73C /* LevelClass.swift */,
				E2524F2025AF325C006EE73C /* PlayerClass.swift */,
				E2524F2525AF3280006EE73C /* TalentClass.swift */,
				E2524F2A25AF32AB006EE73C /* HUDClass.swift */,
				E2524F2F25AF32CD006EE73C /* PowerUpClass.swift */,
				E2524F3425AF32E8006EE73C /* GameClass.swift */,
			);
			path = "Core Classes";
			sourceTree = "<group>";
		};
/* End PBXGroup section */

/* Begin PBXNativeTarget section */
		E2524ED225AF3114006EE73C /* SpaceShooter */ = {
			isa = PBXNativeTarget;
			buildConfigurationList = E2524EFF25AF3117006EE73C /* Build configuration list for PBXNativeTarget "SpaceShooter" */;
			buildPhases = (
				E2524ECF25AF3114006EE73C /* Sources */,
				E2524ED025AF3114006EE73C /* Frameworks */,
				E2524ED125AF3114006EE73C /* Resources */,
			);
			buildRules = (
			);
			dependencies = (
			);
			name = SpaceShooter;
			productName = SpaceShooter;
			productReference = E2524ED325AF3114006EE73C /* SpaceShooter.app */;
			productType = "com.apple.product-type.application";
		};
		E2524EEA25AF3117006EE73C /* SpaceShooterTests */ = {
			isa = PBXNativeTarget;
			buildConfigurationList = E2524F0225AF3117006EE73C /* Build configuration list for PBXNativeTarget "SpaceShooterTests" */;
			buildPhases = (
				E2524EE725AF3117006EE73C /* Sources */,
				E2524EE825AF3117006EE73C /* Frameworks */,
				E2524EE925AF3117006EE73C /* Resources */,
			);
			buildRules = (
			);
			dependencies = (
				E2524EED25AF3117006EE73C /* PBXTargetDependency */,
			);
			name = SpaceShooterTests;
			productName = SpaceShooterTests;
			productReference = E2524EEB25AF3117006EE73C /* SpaceShooterTests.xctest */;
			productType = "com.apple.product-type.bundle.unit-test";
		};
		E2524EF525AF3117006EE73C /* SpaceShooterUITests */ = {
			isa = PBXNativeTarget;
			buildConfigurationList = E2524F0525AF3117006EE73C /* Build configuration list for PBXNativeTarget "SpaceShooterUITests" */;
			buildPhases = (
				E2524EF225AF3117006EE73C /* Sources */,
				E2524EF325AF3117006EE73C /* Frameworks */,
				E2524EF425AF3117006EE73C /* Resources */,
			);
			buildRules = (
			);
			dependencies = (
				E2524EF825AF3117006EE73C /* PBXTargetDependency */,
			);
			name = SpaceShooterUITests;
			productName = SpaceShooterUITests;
			productReference = E2524EF625AF3117006EE73C /* SpaceShooterUITests.xctest */;
			productType = "com.apple.product-type.bundle.ui-testing";
		};
/* End PBXNativeTarget section */

/* Begin PBXProject section */
		E2524ECB25AF3114006EE73C /* Project object */ = {
			isa = PBXProject;
			attributes = {
				LastSwiftUpdateCheck = 1230;
				LastUpgradeCheck = 1230;
				TargetAttributes = {
					E2524ED225AF3114006EE73C = {
						CreatedOnToolsVersion = 12.3;
					};
					E2524EEA25AF3117006EE73C = {
						CreatedOnToolsVersion = 12.3;
						TestTargetID = E2524ED225AF3114006EE73C;
					};
					E2524EF525AF3117006EE73C = {
						CreatedOnToolsVersion = 12.3;
						TestTargetID = E2524ED225AF3114006EE73C;
					};
				};
			};
			buildConfigurationList = E2524ECE25AF3114006EE73C /* Build configuration list for PBXProject "SpaceShooter" */;
			compatibilityVersion = "Xcode 9.3";
			developmentRegion = en;
			hasScannedForEncodings = 0;
			knownRegions = (
				en,
				Base,
			);
			mainGroup = E2524ECA25AF3114006EE73C;
			productRefGroup = E2524ED425AF3114006EE73C /* Products */;
			projectDirPath = "";
			projectRoot = "";
			targets = (
				E2524ED225AF3114006EE73C /* SpaceShooter */,
				E2524EEA25AF3117006EE73C /* SpaceShooterTests */,
				E2524EF525AF3117006EE73C /* SpaceShooterUITests */,
			);
		};
/* End PBXProject section */

/* Begin PBXResourcesBuildPhase section */
		E2524ED125AF3114006EE73C /* Resources */ = {
			isa = PBXResourcesBuildPhase;
			buildActionMask = 2147483647;
			files = (
				E2524ED925AF3114006EE73C /* GameScene.sks in Resources */,
				E2524EE125AF3116006EE73C /* Assets.xcassets in Resources */,
				E2524EDB25AF3114006EE73C /* Actions.sks in Resources */,
				E2524EE425AF3117006EE73C /* Main.storyboard in Resources */,
			);
			runOnlyForDeploymentPostprocessing = 0;
		};
		E2524EE925AF3117006EE73C /* Resources */ = {
			isa = PBXResourcesBuildPhase;
			buildActionMask = 2147483647;
			files = (
			);
			runOnlyForDeploymentPostprocessing = 0;
		};
		E2524EF425AF3117006EE73C /* Resources */ = {
			isa = PBXResourcesBuildPhase;
			buildActionMask = 2147483647;
			files = (
			);
			runOnlyForDeploymentPostprocessing = 0;
		};
/* End PBXResourcesBuildPhase section */

/* Begin PBXSourcesBuildPhase section */
		E2524ECF25AF3114006EE73C /* Sources */ = {
			isa = PBXSourcesBuildPhase;
			buildActionMask = 2147483647;
			files = (
				E2524F2B25AF32AB006EE73C /* HUDClass.swift in Sources */,
				E2524F1C25AF3226006EE73C /* LevelClass.swift in Sources */,
				E2524F3525AF32E8006EE73C /* GameClass.swift in Sources */,
				E2524EDF25AF3114006EE73C /* ViewController.swift in Sources */,
				E2524F2625AF3280006EE73C /* TalentClass.swift in Sources */,
				E2524F3025AF32CD006EE73C /* PowerUpClass.swift in Sources */,
				E2524EDD25AF3114006EE73C /* GameScene.swift in Sources */,
				E2524F2125AF325C006EE73C /* PlayerClass.swift in Sources */,
				E2524ED725AF3114006EE73C /* AppDelegate.swift in Sources */,
				E2524F1725AF31E1006EE73C /* EntityClass.swift in Sources */,
			);
			runOnlyForDeploymentPostprocessing = 0;
		};
		E2524EE725AF3117006EE73C /* Sources */ = {
			isa = PBXSourcesBuildPhase;
			buildActionMask = 2147483647;
			files = (
				E2524EF025AF3117006EE73C /* SpaceShooterTests.swift in Sources */,
			);
			runOnlyForDeploymentPostprocessing = 0;
		};
		E2524EF225AF3117006EE73C /* Sources */ = {
			isa = PBXSourcesBuildPhase;
			buildActionMask = 2147483647;
			files = (
				E2524EFB25AF3117006EE73C /* SpaceShooterUITests.swift in Sources */,
			);
			runOnlyForDeploymentPostprocessing = 0;
		};
/* End PBXSourcesBuildPhase section */

/* Begin PBXTargetDependency section */
		E2524EED25AF3117006EE73C /* PBXTargetDependency */ = {
			isa = PBXTargetDependency;
			target = E2524ED225AF3114006EE73C /* SpaceShooter */;
			targetProxy = E2524EEC25AF3117006EE73C /* PBXContainerItemProxy */;
		};
		E2524EF825AF3117006EE73C /* PBXTargetDependency */ = {
			isa = PBXTargetDependency;
			target = E2524ED225AF3114006EE73C /* SpaceShooter */;
			targetProxy = E2524EF725AF3117006EE73C /* PBXContainerItemProxy */;
		};
/* End PBXTargetDependency section */

/* Begin PBXVariantGroup section */
		E2524EE225AF3117006EE73C /* Main.storyboard */ = {
			isa = PBXVariantGroup;
			children = (
				E2524EE325AF3117006EE73C /* Base */,
			);
			name = Main.storyboard;
			sourceTree = "<group>";
		};
/* End PBXVariantGroup section */

/* Begin XCBuildConfiguration section */
		E2524EFD25AF3117006EE73C /* Debug */ = {
			isa = XCBuildConfiguration;
			buildSettings = {
				ALWAYS_SEARCH_USER_PATHS = NO;
				CLANG_ANALYZER_NONNULL = YES;
				CLANG_ANALYZER_NUMBER_OBJECT_CONVERSION = YES_AGGRESSIVE;
				CLANG_CXX_LANGUAGE_STANDARD = "gnu++14";
				CLANG_CXX_LIBRARY = "libc++";
				CLANG_ENABLE_MODULES = YES;
				CLANG_ENABLE_OBJC_ARC = YES;
				CLANG_ENABLE_OBJC_WEAK = YES;
				CLANG_WARN_BLOCK_CAPTURE_AUTORELEASING = YES;
				CLANG_WARN_BOOL_CONVERSION = YES;
				CLANG_WARN_COMMA = YES;
				CLANG_WARN_CONSTANT_CONVERSION = YES;
				CLANG_WARN_DEPRECATED_OBJC_IMPLEMENTATIONS = YES;
				CLANG_WARN_DIRECT_OBJC_ISA_USAGE = YES_ERROR;
				CLANG_WARN_DOCUMENTATION_COMMENTS = YES;
				CLANG_WARN_EMPTY_BODY = YES;
				CLANG_WARN_ENUM_CONVERSION = YES;
				CLANG_WARN_INFINITE_RECURSION = YES;
				CLANG_WARN_INT_CONVERSION = YES;
				CLANG_WARN_NON_LITERAL_NULL_CONVERSION = YES;
				CLANG_WARN_OBJC_IMPLICIT_RETAIN_SELF = YES;
				CLANG_WARN_OBJC_LITERAL_CONVERSION = YES;
				CLANG_WARN_OBJC_ROOT_CLASS = YES_ERROR;
				CLANG_WARN_QUOTED_INCLUDE_IN_FRAMEWORK_HEADER = YES;
				CLANG_WARN_RANGE_LOOP_ANALYSIS = YES;
				CLANG_WARN_STRICT_PROTOTYPES = YES;
				CLANG_WARN_SUSPICIOUS_MOVE = YES;
				CLANG_WARN_UNGUARDED_AVAILABILITY = YES_AGGRESSIVE;
				CLANG_WARN_UNREACHABLE_CODE = YES;
				CLANG_WARN__DUPLICATE_METHOD_MATCH = YES;
				COPY_PHASE_STRIP = NO;
				DEBUG_INFORMATION_FORMAT = dwarf;
				ENABLE_STRICT_OBJC_MSGSEND = YES;
				ENABLE_TESTABILITY = YES;
				GCC_C_LANGUAGE_STANDARD = gnu11;
				GCC_DYNAMIC_NO_PIC = NO;
				GCC_NO_COMMON_BLOCKS = YES;
				GCC_OPTIMIZATION_LEVEL = 0;
				GCC_PREPROCESSOR_DEFINITIONS = (
					"DEBUG=1",
					"$(inherited)",
				);
				GCC_WARN_64_TO_32_BIT_CONVERSION = YES;
				GCC_WARN_ABOUT_RETURN_TYPE = YES_ERROR;
				GCC_WARN_UNDECLARED_SELECTOR = YES;
				GCC_WARN_UNINITIALIZED_AUTOS = YES_AGGRESSIVE;
				GCC_WARN_UNUSED_FUNCTION = YES;
				GCC_WARN_UNUSED_VARIABLE = YES;
				MACOSX_DEPLOYMENT_TARGET = 10.15;
				MTL_ENABLE_DEBUG_INFO = INCLUDE_SOURCE;
				MTL_FAST_MATH = YES;
				ONLY_ACTIVE_ARCH = YES;
				SDKROOT = macosx;
				SWIFT_ACTIVE_COMPILATION_CONDITIONS = DEBUG;
				SWIFT_OPTIMIZATION_LEVEL = "-Onone";
			};
			name = Debug;
		};
		E2524EFE25AF3117006EE73C /* Release */ = {
			isa = XCBuildConfiguration;
			buildSettings = {
				ALWAYS_SEARCH_USER_PATHS = NO;
				CLANG_ANALYZER_NONNULL = YES;
				CLANG_ANALYZER_NUMBER_OBJECT_CONVERSION = YES_AGGRESSIVE;
				CLANG_CXX_LANGUAGE_STANDARD = "gnu++14";
				CLANG_CXX_LIBRARY = "libc++";
				CLANG_ENABLE_MODULES = YES;
				CLANG_ENABLE_OBJC_ARC = YES;
				CLANG_ENABLE_OBJC_WEAK = YES;
				CLANG_WARN_BLOCK_CAPTURE_AUTORELEASING = YES;
				CLANG_WARN_BOOL_CONVERSION = YES;
				CLANG_WARN_COMMA = YES;
				CLANG_WARN_CONSTANT_CONVERSION = YES;
				CLANG_WARN_DEPRECATED_OBJC_IMPLEMENTATIONS = YES;
				CLANG_WARN_DIRECT_OBJC_ISA_USAGE = YES_ERROR;
				CLANG_WARN_DOCUMENTATION_COMMENTS = YES;
				CLANG_WARN_EMPTY_BODY = YES;
				CLANG_WARN_ENUM_CONVERSION = YES;
				CLANG_WARN_INFINITE_RECURSION = YES;
				CLANG_WARN_INT_CONVERSION = YES;
				CLANG_WARN_NON_LITERAL_NULL_CONVERSION = YES;
				CLANG_WARN_OBJC_IMPLICIT_RETAIN_SELF = YES;
				CLANG_WARN_OBJC_LITERAL_CONVERSION = YES;
				CLANG_WARN_OBJC_ROOT_CLASS = YES_ERROR;
				CLANG_WARN_QUOTED_INCLUDE_IN_FRAMEWORK_HEADER = YES;
				CLANG_WARN_RANGE_LOOP_ANALYSIS = YES;
				CLANG_WARN_STRICT_PROTOTYPES = YES;
				CLANG_WARN_SUSPICIOUS_MOVE = YES;
				CLANG_WARN_UNGUARDED_AVAILABILITY = YES_AGGRESSIVE;
				CLANG_WARN_UNREACHABLE_CODE = YES;
				CLANG_WARN__DUPLICATE_METHOD_MATCH = YES;
				COPY_PHASE_STRIP = NO;
				DEBUG_INFORMATION_FORMAT = "dwarf-with-dsym";
				ENABLE_NS_ASSERTIONS = NO;
				ENABLE_STRICT_OBJC_MSGSEND = YES;
				GCC_C_LANGUAGE_STANDARD = gnu11;
				GCC_NO_COMMON_BLOCKS = YES;
				GCC_WARN_64_TO_32_BIT_CONVERSION = YES;
				GCC_WARN_ABOUT_RETURN_TYPE = YES_ERROR;
				GCC_WARN_UNDECLARED_SELECTOR = YES;
				GCC_WARN_UNINITIALIZED_AUTOS = YES_AGGRESSIVE;
				GCC_WARN_UNUSED_FUNCTION = YES;
				GCC_WARN_UNUSED_VARIABLE = YES;
				MACOSX_DEPLOYMENT_TARGET = 10.15;
				MTL_ENABLE_DEBUG_INFO = NO;
				MTL_FAST_MATH = YES;
				SDKROOT = macosx;
				SWIFT_COMPILATION_MODE = wholemodule;
				SWIFT_OPTIMIZATION_LEVEL = "-O";
			};
			name = Release;
		};
		E2524F0025AF3117006EE73C /* Debug */ = {
			isa = XCBuildConfiguration;
			buildSettings = {
				ASSETCATALOG_COMPILER_APPICON_NAME = AppIcon;
				ASSETCATALOG_COMPILER_GLOBAL_ACCENT_COLOR_NAME = AccentColor;
				CODE_SIGN_ENTITLEMENTS = SpaceShooter/SpaceShooter.entitlements;
				CODE_SIGN_STYLE = Automatic;
				COMBINE_HIDPI_IMAGES = YES;
				INFOPLIST_FILE = SpaceShooter/Info.plist;
				LD_RUNPATH_SEARCH_PATHS = (
					"$(inherited)",
					"@executable_path/../Frameworks",
				);
				PRODUCT_BUNDLE_IDENTIFIER = TS.SpaceShooter;
				PRODUCT_NAME = "$(TARGET_NAME)";
				SWIFT_VERSION = 5.0;
			};
			name = Debug;
		};
		E2524F0125AF3117006EE73C /* Release */ = {
			isa = XCBuildConfiguration;
			buildSettings = {
				ASSETCATALOG_COMPILER_APPICON_NAME = AppIcon;
				ASSETCATALOG_COMPILER_GLOBAL_ACCENT_COLOR_NAME = AccentColor;
				CODE_SIGN_ENTITLEMENTS = SpaceShooter/SpaceShooter.entitlements;
				CODE_SIGN_STYLE = Automatic;
				COMBINE_HIDPI_IMAGES = YES;
				INFOPLIST_FILE = SpaceShooter/Info.plist;
				LD_RUNPATH_SEARCH_PATHS = (
					"$(inherited)",
					"@executable_path/../Frameworks",
				);
				PRODUCT_BUNDLE_IDENTIFIER = TS.SpaceShooter;
				PRODUCT_NAME = "$(TARGET_NAME)";
				SWIFT_VERSION = 5.0;
			};
			name = Release;
		};
		E2524F0325AF3117006EE73C /* Debug */ = {
			isa = XCBuildConfiguration;
			buildSettings = {
				ALWAYS_EMBED_SWIFT_STANDARD_LIBRARIES = YES;
				BUNDLE_LOADER = "$(TEST_HOST)";
				CODE_SIGN_STYLE = Automatic;
				COMBINE_HIDPI_IMAGES = YES;
				INFOPLIST_FILE = SpaceShooterTests/Info.plist;
				LD_RUNPATH_SEARCH_PATHS = (
					"$(inherited)",
					"@executable_path/../Frameworks",
					"@loader_path/../Frameworks",
				);
				MACOSX_DEPLOYMENT_TARGET = 10.15;
				PRODUCT_BUNDLE_IDENTIFIER = TS.SpaceShooterTests;
				PRODUCT_NAME = "$(TARGET_NAME)";
				SWIFT_VERSION = 5.0;
				TEST_HOST = "$(BUILT_PRODUCTS_DIR)/SpaceShooter.app/Contents/MacOS/SpaceShooter";
			};
			name = Debug;
		};
		E2524F0425AF3117006EE73C /* Release */ = {
			isa = XCBuildConfiguration;
			buildSettings = {
				ALWAYS_EMBED_SWIFT_STANDARD_LIBRARIES = YES;
				BUNDLE_LOADER = "$(TEST_HOST)";
				CODE_SIGN_STYLE = Automatic;
				COMBINE_HIDPI_IMAGES = YES;
				INFOPLIST_FILE = SpaceShooterTests/Info.plist;
				LD_RUNPATH_SEARCH_PATHS = (
					"$(inherited)",
					"@executable_path/../Frameworks",
					"@loader_path/../Frameworks",
				);
				MACOSX_DEPLOYMENT_TARGET = 10.15;
				PRODUCT_BUNDLE_IDENTIFIER = TS.SpaceShooterTests;
				PRODUCT_NAME = "$(TARGET_NAME)";
				SWIFT_VERSION = 5.0;
				TEST_HOST = "$(BUILT_PRODUCTS_DIR)/SpaceShooter.app/Contents/MacOS/SpaceShooter";
			};
			name = Release;
		};
		E2524F0625AF3117006EE73C /* Debug */ = {
			isa = XCBuildConfiguration;
			buildSettings = {
				ALWAYS_EMBED_SWIFT_STANDARD_LIBRARIES = YES;
				CODE_SIGN_STYLE = Automatic;
				COMBINE_HIDPI_IMAGES = YES;
				INFOPLIST_FILE = SpaceShooterUITests/Info.plist;
				LD_RUNPATH_SEARCH_PATHS = (
					"$(inherited)",
					"@executable_path/../Frameworks",
					"@loader_path/../Frameworks",
				);
				PRODUCT_BUNDLE_IDENTIFIER = TS.SpaceShooterUITests;
				PRODUCT_NAME = "$(TARGET_NAME)";
				SWIFT_VERSION = 5.0;
				TEST_TARGET_NAME = SpaceShooter;
			};
			name = Debug;
		};
		E2524F0725AF3117006EE73C /* Release */ = {
			isa = XCBuildConfiguration;
			buildSettings = {
				ALWAYS_EMBED_SWIFT_STANDARD_LIBRARIES = YES;
				CODE_SIGN_STYLE = Automatic;
				COMBINE_HIDPI_IMAGES = YES;
				INFOPLIST_FILE = SpaceShooterUITests/Info.plist;
				LD_RUNPATH_SEARCH_PATHS = (
					"$(inherited)",
					"@executable_path/../Frameworks",
					"@loader_path/../Frameworks",
				);
				PRODUCT_BUNDLE_IDENTIFIER = TS.SpaceShooterUITests;
				PRODUCT_NAME = "$(TARGET_NAME)";
				SWIFT_VERSION = 5.0;
				TEST_TARGET_NAME = SpaceShooter;
			};
			name = Release;
		};
/* End XCBuildConfiguration section */

/* Begin XCConfigurationList section */
		E2524ECE25AF3114006EE73C /* Build configuration list for PBXProject "SpaceShooter" */ = {
			isa = XCConfigurationList;
			buildConfigurations = (
				E2524EFD25AF3117006EE73C /* Debug */,
				E2524EFE25AF3117006EE73C /* Release */,
			);
			defaultConfigurationIsVisible = 0;
			defaultConfigurationName = Release;
		};
		E2524EFF25AF3117006EE73C /* Build configuration list for PBXNativeTarget "SpaceShooter" */ = {
			isa = XCConfigurationList;
			buildConfigurations = (
				E2524F0025AF3117006EE73C /* Debug */,
				E2524F0125AF3117006EE73C /* Release */,
			);
			defaultConfigurationIsVisible = 0;
			defaultConfigurationName = Release;
		};
		E2524F0225AF3117006EE73C /* Build configuration list for PBXNativeTarget "SpaceShooterTests" */ = {
			isa = XCConfigurationList;
			buildConfigurations = (
				E2524F0325AF3117006EE73C /* Debug */,
				E2524F0425AF3117006EE73C /* Release */,
			);
			defaultConfigurationIsVisible = 0;
			defaultConfigurationName = Release;
		};
		E2524F0525AF3117006EE73C /* Build configuration list for PBXNativeTarget "SpaceShooterUITests" */ = {
			isa = XCConfigurationList;
			buildConfigurations = (
				E2524F0625AF3117006EE73C /* Debug */,
				E2524F0725AF3117006EE73C /* Release */,
			);
			defaultConfigurationIsVisible = 0;
			defaultConfigurationName = Release;
		};
/* End XCConfigurationList section */
	};
	rootObject = E2524ECB25AF3114006EE73C /* Project object */;
}
